// !$*UTF8*$!
{
	archiveVersion = 1;
	classes = {
	};
	objectVersion = 50;
	objects = {

/* Begin PBXBuildFile section */
		F3075FA420A6DCAF00AB78BF /* QYLAlbumsView.m in Sources */ = {isa = PBXBuildFile; fileRef = F3075FA320A6DCAF00AB78BF /* QYLAlbumsView.m */; };
		F3075FA720A6DCC600AB78BF /* QYLAlbumsCell.m in Sources */ = {isa = PBXBuildFile; fileRef = F3075FA620A6DCC600AB78BF /* QYLAlbumsCell.m */; };
		F3075FAA20A6DCF800AB78BF /* QYLPhotosView.m in Sources */ = {isa = PBXBuildFile; fileRef = F3075FA920A6DCF800AB78BF /* QYLPhotosView.m */; };
		F3075FB020A6F13200AB78BF /* UIView+S_Extend.m in Sources */ = {isa = PBXBuildFile; fileRef = F3075FAD20A6F13100AB78BF /* UIView+S_Extend.m */; };
		F3316B7720B50A4600B27F98 /* QYLProgressView.m in Sources */ = {isa = PBXBuildFile; fileRef = F3316B7620B50A4500B27F98 /* QYLProgressView.m */; };
		F3316B7C20B5550700B27F98 /* NSObject+S_Observer.m in Sources */ = {isa = PBXBuildFile; fileRef = F3316B7A20B5550700B27F98 /* NSObject+S_Observer.m */; };
		F36A514320A5391E0087C989 /* QYLAlbumsController.m in Sources */ = {isa = PBXBuildFile; fileRef = F36A514220A5391E0087C989 /* QYLAlbumsController.m */; };
		F36A514920A539700087C989 /* QYLPhotosCell.m in Sources */ = {isa = PBXBuildFile; fileRef = F36A514820A539700087C989 /* QYLPhotosCell.m */; };
		F36A514C20A586400087C989 /* QYLPhotosManager.m in Sources */ = {isa = PBXBuildFile; fileRef = F36A514B20A586400087C989 /* QYLPhotosManager.m */; };
		F376E93720B2C26F00F70136 /* QYLClipsController.xib in Resources */ = {isa = PBXBuildFile; fileRef = F376E93620B2C26F00F70136 /* QYLClipsController.xib */; };
		F3AB8EB220A42E4C00EA1F05 /* AppDelegate.m in Sources */ = {isa = PBXBuildFile; fileRef = F3AB8EB120A42E4C00EA1F05 /* AppDelegate.m */; };
		F3AB8EBA20A42E4E00EA1F05 /* Assets.xcassets in Resources */ = {isa = PBXBuildFile; fileRef = F3AB8EB920A42E4E00EA1F05 /* Assets.xcassets */; };
		F3AB8EBD20A42E4E00EA1F05 /* LaunchScreen.storyboard in Resources */ = {isa = PBXBuildFile; fileRef = F3AB8EBB20A42E4E00EA1F05 /* LaunchScreen.storyboard */; };
		F3AB8EC020A42E4E00EA1F05 /* main.m in Sources */ = {isa = PBXBuildFile; fileRef = F3AB8EBF20A42E4E00EA1F05 /* main.m */; };
		F3AB8ECA20A42E4F00EA1F05 /* PhotoClipsTests.m in Sources */ = {isa = PBXBuildFile; fileRef = F3AB8EC920A42E4F00EA1F05 /* PhotoClipsTests.m */; };
		F3AB8ED520A42E4F00EA1F05 /* PhotoClipsUITests.m in Sources */ = {isa = PBXBuildFile; fileRef = F3AB8ED420A42E4F00EA1F05 /* PhotoClipsUITests.m */; };
		F3AB8EEF20A4324700EA1F05 /* QYLAuthorizationHandle.m in Sources */ = {isa = PBXBuildFile; fileRef = F3AB8EEB20A4324700EA1F05 /* QYLAuthorizationHandle.m */; };
		F3AB8EF020A4324700EA1F05 /* QYLNaviView.m in Sources */ = {isa = PBXBuildFile; fileRef = F3AB8EED20A4324700EA1F05 /* QYLNaviView.m */; };
		F3AB8EF720A432EC00EA1F05 /* QYLHomeController.m in Sources */ = {isa = PBXBuildFile; fileRef = F3AB8EF520A432EC00EA1F05 /* QYLHomeController.m */; };
		F3AB8EF820A432EC00EA1F05 /* QYLHomeController.xib in Resources */ = {isa = PBXBuildFile; fileRef = F3AB8EF620A432EC00EA1F05 /* QYLHomeController.xib */; };
		F3AB8F0420A44C4100EA1F05 /* QYLDefaultNumber.m in Sources */ = {isa = PBXBuildFile; fileRef = F3AB8EFE20A44C4100EA1F05 /* QYLDefaultNumber.m */; };
		F3AB8F0520A44C4100EA1F05 /* QYLCommonUtil.m in Sources */ = {isa = PBXBuildFile; fileRef = F3AB8EFF20A44C4100EA1F05 /* QYLCommonUtil.m */; };
		F3AB8F0620A44C4100EA1F05 /* QYLToast.m in Sources */ = {isa = PBXBuildFile; fileRef = F3AB8F0120A44C4100EA1F05 /* QYLToast.m */; };
		F3D57C6C20ABCDFD0083BA03 /* QYLPhotoSelectController.m in Sources */ = {isa = PBXBuildFile; fileRef = F3D57C6B20ABCDFD0083BA03 /* QYLPhotoSelectController.m */; };
		F3D57C6F20ABDE0C0083BA03 /* QYLLargeImageController.m in Sources */ = {isa = PBXBuildFile; fileRef = F3D57C6E20ABDE0C0083BA03 /* QYLLargeImageController.m */; };
		F3D57C7420AC1FA90083BA03 /* QYLClipsController.m in Sources */ = {isa = PBXBuildFile; fileRef = F3D57C7220AC1FA90083BA03 /* QYLClipsController.m */; };
/* End PBXBuildFile section */

/* Begin PBXContainerItemProxy section */
		F3AB8EC620A42E4E00EA1F05 /* PBXContainerItemProxy */ = {
			isa = PBXContainerItemProxy;
			containerPortal = F3AB8EA520A42E4B00EA1F05 /* Project object */;
			proxyType = 1;
			remoteGlobalIDString = F3AB8EAC20A42E4C00EA1F05;
			remoteInfo = PhotoClips;
		};
		F3AB8ED120A42E4F00EA1F05 /* PBXContainerItemProxy */ = {
			isa = PBXContainerItemProxy;
			containerPortal = F3AB8EA520A42E4B00EA1F05 /* Project object */;
			proxyType = 1;
			remoteGlobalIDString = F3AB8EAC20A42E4C00EA1F05;
			remoteInfo = PhotoClips;
		};
/* End PBXContainerItemProxy section */

/* Begin PBXFileReference section */
		F3075FA220A6DCAF00AB78BF /* QYLAlbumsView.h */ = {isa = PBXFileReference; lastKnownFileType = sourcecode.c.h; path = QYLAlbumsView.h; sourceTree = "<group>"; };
		F3075FA320A6DCAF00AB78BF /* QYLAlbumsView.m */ = {isa = PBXFileReference; lastKnownFileType = sourcecode.c.objc; path = QYLAlbumsView.m; sourceTree = "<group>"; };
		F3075FA520A6DCC600AB78BF /* QYLAlbumsCell.h */ = {isa = PBXFileReference; lastKnownFileType = sourcecode.c.h; path = QYLAlbumsCell.h; sourceTree = "<group>"; };
		F3075FA620A6DCC600AB78BF /* QYLAlbumsCell.m */ = {isa = PBXFileReference; lastKnownFileType = sourcecode.c.objc; path = QYLAlbumsCell.m; sourceTree = "<group>"; };
		F3075FA820A6DCF800AB78BF /* QYLPhotosView.h */ = {isa = PBXFileReference; lastKnownFileType = sourcecode.c.h; path = QYLPhotosView.h; sourceTree = "<group>"; };
		F3075FA920A6DCF800AB78BF /* QYLPhotosView.m */ = {isa = PBXFileReference; lastKnownFileType = sourcecode.c.objc; path = QYLPhotosView.m; sourceTree = "<group>"; };
		F3075FAC20A6F13100AB78BF /* UIView+S_Extend.h */ = {isa = PBXFileReference; fileEncoding = 4; lastKnownFileType = sourcecode.c.h; path = "UIView+S_Extend.h"; sourceTree = "<group>"; };
		F3075FAD20A6F13100AB78BF /* UIView+S_Extend.m */ = {isa = PBXFileReference; fileEncoding = 4; lastKnownFileType = sourcecode.c.objc; path = "UIView+S_Extend.m"; sourceTree = "<group>"; };
		F3316B7520B50A4500B27F98 /* QYLProgressView.h */ = {isa = PBXFileReference; fileEncoding = 4; lastKnownFileType = sourcecode.c.h; path = QYLProgressView.h; sourceTree = "<group>"; };
		F3316B7620B50A4500B27F98 /* QYLProgressView.m */ = {isa = PBXFileReference; fileEncoding = 4; lastKnownFileType = sourcecode.c.objc; path = QYLProgressView.m; sourceTree = "<group>"; };
		F3316B7A20B5550700B27F98 /* NSObject+S_Observer.m */ = {isa = PBXFileReference; fileEncoding = 4; lastKnownFileType = sourcecode.c.objc; path = "NSObject+S_Observer.m"; sourceTree = "<group>"; };
		F3316B7B20B5550700B27F98 /* NSObject+S_Observer.h */ = {isa = PBXFileReference; fileEncoding = 4; lastKnownFileType = sourcecode.c.h; path = "NSObject+S_Observer.h"; sourceTree = "<group>"; };
		F36A514120A5391E0087C989 /* QYLAlbumsController.h */ = {isa = PBXFileReference; lastKnownFileType = sourcecode.c.h; path = QYLAlbumsController.h; sourceTree = "<group>"; };
		F36A514220A5391E0087C989 /* QYLAlbumsController.m */ = {isa = PBXFileReference; lastKnownFileType = sourcecode.c.objc; path = QYLAlbumsController.m; sourceTree = "<group>"; };
		F36A514720A539700087C989 /* QYLPhotosCell.h */ = {isa = PBXFileReference; lastKnownFileType = sourcecode.c.h; path = QYLPhotosCell.h; sourceTree = "<group>"; };
		F36A514820A539700087C989 /* QYLPhotosCell.m */ = {isa = PBXFileReference; lastKnownFileType = sourcecode.c.objc; path = QYLPhotosCell.m; sourceTree = "<group>"; };
		F36A514A20A586400087C989 /* QYLPhotosManager.h */ = {isa = PBXFileReference; lastKnownFileType = sourcecode.c.h; path = QYLPhotosManager.h; sourceTree = "<group>"; };
		F36A514B20A586400087C989 /* QYLPhotosManager.m */ = {isa = PBXFileReference; lastKnownFileType = sourcecode.c.objc; path = QYLPhotosManager.m; sourceTree = "<group>"; };
		F376E93620B2C26F00F70136 /* QYLClipsController.xib */ = {isa = PBXFileReference; fileEncoding = 4; lastKnownFileType = file.xib; path = QYLClipsController.xib; sourceTree = "<group>"; };
		F3AB8EAD20A42E4C00EA1F05 /* PhotoClips.app */ = {isa = PBXFileReference; explicitFileType = wrapper.application; includeInIndex = 0; path = PhotoClips.app; sourceTree = BUILT_PRODUCTS_DIR; };
		F3AB8EB020A42E4C00EA1F05 /* AppDelegate.h */ = {isa = PBXFileReference; lastKnownFileType = sourcecode.c.h; path = AppDelegate.h; sourceTree = "<group>"; };
		F3AB8EB120A42E4C00EA1F05 /* AppDelegate.m */ = {isa = PBXFileReference; lastKnownFileType = sourcecode.c.objc; path = AppDelegate.m; sourceTree = "<group>"; };
		F3AB8EB920A42E4E00EA1F05 /* Assets.xcassets */ = {isa = PBXFileReference; lastKnownFileType = folder.assetcatalog; path = Assets.xcassets; sourceTree = "<group>"; };
		F3AB8EBC20A42E4E00EA1F05 /* Base */ = {isa = PBXFileReference; lastKnownFileType = file.storyboard; name = Base; path = Base.lproj/LaunchScreen.storyboard; sourceTree = "<group>"; };
		F3AB8EBE20A42E4E00EA1F05 /* Info.plist */ = {isa = PBXFileReference; lastKnownFileType = text.plist.xml; path = Info.plist; sourceTree = "<group>"; };
		F3AB8EBF20A42E4E00EA1F05 /* main.m */ = {isa = PBXFileReference; lastKnownFileType = sourcecode.c.objc; path = main.m; sourceTree = "<group>"; };
		F3AB8EC520A42E4E00EA1F05 /* PhotoClipsTests.xctest */ = {isa = PBXFileReference; explicitFileType = wrapper.cfbundle; includeInIndex = 0; path = PhotoClipsTests.xctest; sourceTree = BUILT_PRODUCTS_DIR; };
		F3AB8EC920A42E4F00EA1F05 /* PhotoClipsTests.m */ = {isa = PBXFileReference; lastKnownFileType = sourcecode.c.objc; path = PhotoClipsTests.m; sourceTree = "<group>"; };
		F3AB8ECB20A42E4F00EA1F05 /* Info.plist */ = {isa = PBXFileReference; lastKnownFileType = text.plist.xml; path = Info.plist; sourceTree = "<group>"; };
		F3AB8ED020A42E4F00EA1F05 /* PhotoClipsUITests.xctest */ = {isa = PBXFileReference; explicitFileType = wrapper.cfbundle; includeInIndex = 0; path = PhotoClipsUITests.xctest; sourceTree = BUILT_PRODUCTS_DIR; };
		F3AB8ED420A42E4F00EA1F05 /* PhotoClipsUITests.m */ = {isa = PBXFileReference; lastKnownFileType = sourcecode.c.objc; path = PhotoClipsUITests.m; sourceTree = "<group>"; };
		F3AB8ED620A42E4F00EA1F05 /* Info.plist */ = {isa = PBXFileReference; lastKnownFileType = text.plist.xml; path = Info.plist; sourceTree = "<group>"; };
		F3AB8EEA20A4324700EA1F05 /* QYLAuthorizationHandle.h */ = {isa = PBXFileReference; fileEncoding = 4; lastKnownFileType = sourcecode.c.h; path = QYLAuthorizationHandle.h; sourceTree = "<group>"; };
		F3AB8EEB20A4324700EA1F05 /* QYLAuthorizationHandle.m */ = {isa = PBXFileReference; fileEncoding = 4; lastKnownFileType = sourcecode.c.objc; path = QYLAuthorizationHandle.m; sourceTree = "<group>"; };
		F3AB8EED20A4324700EA1F05 /* QYLNaviView.m */ = {isa = PBXFileReference; fileEncoding = 4; lastKnownFileType = sourcecode.c.objc; path = QYLNaviView.m; sourceTree = "<group>"; };
		F3AB8EEE20A4324700EA1F05 /* QYLNaviView.h */ = {isa = PBXFileReference; fileEncoding = 4; lastKnownFileType = sourcecode.c.h; path = QYLNaviView.h; sourceTree = "<group>"; };
		F3AB8EF420A432EC00EA1F05 /* QYLHomeController.h */ = {isa = PBXFileReference; lastKnownFileType = sourcecode.c.h; path = QYLHomeController.h; sourceTree = "<group>"; };
		F3AB8EF520A432EC00EA1F05 /* QYLHomeController.m */ = {isa = PBXFileReference; lastKnownFileType = sourcecode.c.objc; path = QYLHomeController.m; sourceTree = "<group>"; };
		F3AB8EF620A432EC00EA1F05 /* QYLHomeController.xib */ = {isa = PBXFileReference; lastKnownFileType = file.xib; path = QYLHomeController.xib; sourceTree = "<group>"; };
		F3AB8EFE20A44C4100EA1F05 /* QYLDefaultNumber.m */ = {isa = PBXFileReference; fileEncoding = 4; lastKnownFileType = sourcecode.c.objc; path = QYLDefaultNumber.m; sourceTree = "<group>"; };
		F3AB8EFF20A44C4100EA1F05 /* QYLCommonUtil.m */ = {isa = PBXFileReference; fileEncoding = 4; lastKnownFileType = sourcecode.c.objc; path = QYLCommonUtil.m; sourceTree = "<group>"; };
		F3AB8F0020A44C4100EA1F05 /* QYLToast.h */ = {isa = PBXFileReference; fileEncoding = 4; lastKnownFileType = sourcecode.c.h; path = QYLToast.h; sourceTree = "<group>"; };
		F3AB8F0120A44C4100EA1F05 /* QYLToast.m */ = {isa = PBXFileReference; fileEncoding = 4; lastKnownFileType = sourcecode.c.objc; path = QYLToast.m; sourceTree = "<group>"; };
		F3AB8F0220A44C4100EA1F05 /* QYLDefaultNumber.h */ = {isa = PBXFileReference; fileEncoding = 4; lastKnownFileType = sourcecode.c.h; path = QYLDefaultNumber.h; sourceTree = "<group>"; };
		F3AB8F0320A44C4100EA1F05 /* QYLCommonUtil.h */ = {isa = PBXFileReference; fileEncoding = 4; lastKnownFileType = sourcecode.c.h; path = QYLCommonUtil.h; sourceTree = "<group>"; };
		F3AB8F0720A44C4600EA1F05 /* QYLMarco.h */ = {isa = PBXFileReference; lastKnownFileType = sourcecode.c.h; path = QYLMarco.h; sourceTree = "<group>"; };
		F3AB8F0820A44C7F00EA1F05 /* QYLPhotoClips.pch */ = {isa = PBXFileReference; lastKnownFileType = sourcecode.c.h; path = QYLPhotoClips.pch; sourceTree = "<group>"; };
		F3D57C6A20ABCDFD0083BA03 /* QYLPhotoSelectController.h */ = {isa = PBXFileReference; lastKnownFileType = sourcecode.c.h; path = QYLPhotoSelectController.h; sourceTree = "<group>"; };
		F3D57C6B20ABCDFD0083BA03 /* QYLPhotoSelectController.m */ = {isa = PBXFileReference; lastKnownFileType = sourcecode.c.objc; path = QYLPhotoSelectController.m; sourceTree = "<group>"; };
		F3D57C6D20ABDE0C0083BA03 /* QYLLargeImageController.h */ = {isa = PBXFileReference; lastKnownFileType = sourcecode.c.h; path = QYLLargeImageController.h; sourceTree = "<group>"; };
		F3D57C6E20ABDE0C0083BA03 /* QYLLargeImageController.m */ = {isa = PBXFileReference; lastKnownFileType = sourcecode.c.objc; path = QYLLargeImageController.m; sourceTree = "<group>"; };
		F3D57C7120AC1FA90083BA03 /* QYLClipsController.h */ = {isa = PBXFileReference; lastKnownFileType = sourcecode.c.h; path = QYLClipsController.h; sourceTree = "<group>"; };
		F3D57C7220AC1FA90083BA03 /* QYLClipsController.m */ = {isa = PBXFileReference; lastKnownFileType = sourcecode.c.objc; path = QYLClipsController.m; sourceTree = "<group>"; };
		F3D57C7620AC34250083BA03 /* QYLPhotoEnum.h */ = {isa = PBXFileReference; lastKnownFileType = sourcecode.c.h; path = QYLPhotoEnum.h; sourceTree = "<group>"; };
/* End PBXFileReference section */

/* Begin PBXFrameworksBuildPhase section */
		F3AB8EAA20A42E4C00EA1F05 /* Frameworks */ = {
			isa = PBXFrameworksBuildPhase;
			buildActionMask = 2147483647;
			files = (
			);
			runOnlyForDeploymentPostprocessing = 0;
		};
		F3AB8EC220A42E4E00EA1F05 /* Frameworks */ = {
			isa = PBXFrameworksBuildPhase;
			buildActionMask = 2147483647;
			files = (
			);
			runOnlyForDeploymentPostprocessing = 0;
		};
		F3AB8ECD20A42E4F00EA1F05 /* Frameworks */ = {
			isa = PBXFrameworksBuildPhase;
			buildActionMask = 2147483647;
			files = (
			);
			runOnlyForDeploymentPostprocessing = 0;
		};
/* End PBXFrameworksBuildPhase section */

/* Begin PBXGroup section */
		F3075FAB20A6F0F400AB78BF /* Category */ = {
			isa = PBXGroup;
			children = (
				F3316B7B20B5550700B27F98 /* NSObject+S_Observer.h */,
				F3316B7A20B5550700B27F98 /* NSObject+S_Observer.m */,
				F3075FAC20A6F13100AB78BF /* UIView+S_Extend.h */,
				F3075FAD20A6F13100AB78BF /* UIView+S_Extend.m */,
			);
			path = Category;
			sourceTree = "<group>";
		};
		F3316B7D20B55D8700B27F98 /* Progress */ = {
			isa = PBXGroup;
			children = (
				F3316B7520B50A4500B27F98 /* QYLProgressView.h */,
				F3316B7620B50A4500B27F98 /* QYLProgressView.m */,
			);
			path = Progress;
			sourceTree = "<group>";
		};
		F3AB8EA420A42E4B00EA1F05 = {
			isa = PBXGroup;
			children = (
				F3AB8EAF20A42E4C00EA1F05 /* PhotoClips */,
				F3AB8EC820A42E4F00EA1F05 /* PhotoClipsTests */,
				F3AB8ED320A42E4F00EA1F05 /* PhotoClipsUITests */,
				F3AB8EAE20A42E4C00EA1F05 /* Products */,
			);
			sourceTree = "<group>";
		};
		F3AB8EAE20A42E4C00EA1F05 /* Products */ = {
			isa = PBXGroup;
			children = (
				F3AB8EAD20A42E4C00EA1F05 /* PhotoClips.app */,
				F3AB8EC520A42E4E00EA1F05 /* PhotoClipsTests.xctest */,
				F3AB8ED020A42E4F00EA1F05 /* PhotoClipsUITests.xctest */,
			);
			name = Products;
			sourceTree = "<group>";
		};
		F3AB8EAF20A42E4C00EA1F05 /* PhotoClips */ = {
			isa = PBXGroup;
			children = (
				F3AB8EFD20A44C2800EA1F05 /* Commont */,
				F3AB8EE320A431EB00EA1F05 /* Scance */,
				F3AB8EB020A42E4C00EA1F05 /* AppDelegate.h */,
				F3AB8EB120A42E4C00EA1F05 /* AppDelegate.m */,
				F3AB8F0820A44C7F00EA1F05 /* QYLPhotoClips.pch */,
				F3AB8EB920A42E4E00EA1F05 /* Assets.xcassets */,
				F3AB8EBB20A42E4E00EA1F05 /* LaunchScreen.storyboard */,
				F3AB8EBE20A42E4E00EA1F05 /* Info.plist */,
				F3AB8EBF20A42E4E00EA1F05 /* main.m */,
			);
			path = PhotoClips;
			sourceTree = "<group>";
		};
		F3AB8EC820A42E4F00EA1F05 /* PhotoClipsTests */ = {
			isa = PBXGroup;
			children = (
				F3AB8EC920A42E4F00EA1F05 /* PhotoClipsTests.m */,
				F3AB8ECB20A42E4F00EA1F05 /* Info.plist */,
			);
			path = PhotoClipsTests;
			sourceTree = "<group>";
		};
		F3AB8ED320A42E4F00EA1F05 /* PhotoClipsUITests */ = {
			isa = PBXGroup;
			children = (
				F3AB8ED420A42E4F00EA1F05 /* PhotoClipsUITests.m */,
				F3AB8ED620A42E4F00EA1F05 /* Info.plist */,
			);
			path = PhotoClipsUITests;
			sourceTree = "<group>";
		};
		F3AB8EE320A431EB00EA1F05 /* Scance */ = {
			isa = PBXGroup;
			children = (
				F3AB8EFC20A44AD000EA1F05 /* Photos */,
				F3D57C7020AC1E510083BA03 /* Clips */,
				F3AB8EF420A432EC00EA1F05 /* QYLHomeController.h */,
				F3AB8EF520A432EC00EA1F05 /* QYLHomeController.m */,
				F3AB8EF620A432EC00EA1F05 /* QYLHomeController.xib */,
			);
			path = Scance;
			sourceTree = "<group>";
		};
		F3AB8EE920A4324700EA1F05 /* Authority */ = {
			isa = PBXGroup;
			children = (
				F3AB8EEA20A4324700EA1F05 /* QYLAuthorizationHandle.h */,
				F3AB8EEB20A4324700EA1F05 /* QYLAuthorizationHandle.m */,
			);
			path = Authority;
			sourceTree = "<group>";
		};
		F3AB8EEC20A4324700EA1F05 /* NaviView */ = {
			isa = PBXGroup;
			children = (
				F3AB8EEE20A4324700EA1F05 /* QYLNaviView.h */,
				F3AB8EED20A4324700EA1F05 /* QYLNaviView.m */,
			);
			path = NaviView;
			sourceTree = "<group>";
		};
		F3AB8EFC20A44AD000EA1F05 /* Photos */ = {
			isa = PBXGroup;
			children = (
				F3D57C7620AC34250083BA03 /* QYLPhotoEnum.h */,
				F36A514120A5391E0087C989 /* QYLAlbumsController.h */,
				F36A514220A5391E0087C989 /* QYLAlbumsController.m */,
				F3075FA220A6DCAF00AB78BF /* QYLAlbumsView.h */,
				F3075FA320A6DCAF00AB78BF /* QYLAlbumsView.m */,
				F3075FA520A6DCC600AB78BF /* QYLAlbumsCell.h */,
				F3075FA620A6DCC600AB78BF /* QYLAlbumsCell.m */,
				F3D57C6A20ABCDFD0083BA03 /* QYLPhotoSelectController.h */,
				F3D57C6B20ABCDFD0083BA03 /* QYLPhotoSelectController.m */,
				F3075FA820A6DCF800AB78BF /* QYLPhotosView.h */,
				F3075FA920A6DCF800AB78BF /* QYLPhotosView.m */,
				F36A514720A539700087C989 /* QYLPhotosCell.h */,
				F36A514820A539700087C989 /* QYLPhotosCell.m */,
				F3D57C6D20ABDE0C0083BA03 /* QYLLargeImageController.h */,
				F3D57C6E20ABDE0C0083BA03 /* QYLLargeImageController.m */,
				F36A514A20A586400087C989 /* QYLPhotosManager.h */,
				F36A514B20A586400087C989 /* QYLPhotosManager.m */,
			);
			path = Photos;
			sourceTree = "<group>";
		};
		F3AB8EFD20A44C2800EA1F05 /* Commont */ = {
			isa = PBXGroup;
			children = (
				F3316B7D20B55D8700B27F98 /* Progress */,
				F3075FAB20A6F0F400AB78BF /* Category */,
				F3AB8EE920A4324700EA1F05 /* Authority */,
				F3AB8EEC20A4324700EA1F05 /* NaviView */,
				F3AB8F0720A44C4600EA1F05 /* QYLMarco.h */,
				F3AB8F0320A44C4100EA1F05 /* QYLCommonUtil.h */,
				F3AB8EFF20A44C4100EA1F05 /* QYLCommonUtil.m */,
				F3AB8F0220A44C4100EA1F05 /* QYLDefaultNumber.h */,
				F3AB8EFE20A44C4100EA1F05 /* QYLDefaultNumber.m */,
				F3AB8F0020A44C4100EA1F05 /* QYLToast.h */,
				F3AB8F0120A44C4100EA1F05 /* QYLToast.m */,
			);
			path = Commont;
			sourceTree = "<group>";
		};
		F3D57C7020AC1E510083BA03 /* Clips */ = {
			isa = PBXGroup;
			children = (
				F3D57C7120AC1FA90083BA03 /* QYLClipsController.h */,
				F3D57C7220AC1FA90083BA03 /* QYLClipsController.m */,
				F376E93620B2C26F00F70136 /* QYLClipsController.xib */,
			);
			path = Clips;
			sourceTree = "<group>";
		};
/* End PBXGroup section */

/* Begin PBXNativeTarget section */
		F3AB8EAC20A42E4C00EA1F05 /* PhotoClips */ = {
			isa = PBXNativeTarget;
			buildConfigurationList = F3AB8ED920A42E4F00EA1F05 /* Build configuration list for PBXNativeTarget "PhotoClips" */;
			buildPhases = (
				F3AB8EA920A42E4C00EA1F05 /* Sources */,
				F3AB8EAA20A42E4C00EA1F05 /* Frameworks */,
				F3AB8EAB20A42E4C00EA1F05 /* Resources */,
			);
			buildRules = (
			);
			dependencies = (
			);
			name = PhotoClips;
			productName = PhotoClips;
			productReference = F3AB8EAD20A42E4C00EA1F05 /* PhotoClips.app */;
			productType = "com.apple.product-type.application";
		};
		F3AB8EC420A42E4E00EA1F05 /* PhotoClipsTests */ = {
			isa = PBXNativeTarget;
			buildConfigurationList = F3AB8EDC20A42E4F00EA1F05 /* Build configuration list for PBXNativeTarget "PhotoClipsTests" */;
			buildPhases = (
				F3AB8EC120A42E4E00EA1F05 /* Sources */,
				F3AB8EC220A42E4E00EA1F05 /* Frameworks */,
				F3AB8EC320A42E4E00EA1F05 /* Resources */,
			);
			buildRules = (
			);
			dependencies = (
				F3AB8EC720A42E4E00EA1F05 /* PBXTargetDependency */,
			);
			name = PhotoClipsTests;
			productName = PhotoClipsTests;
			productReference = F3AB8EC520A42E4E00EA1F05 /* PhotoClipsTests.xctest */;
			productType = "com.apple.product-type.bundle.unit-test";
		};
		F3AB8ECF20A42E4F00EA1F05 /* PhotoClipsUITests */ = {
			isa = PBXNativeTarget;
			buildConfigurationList = F3AB8EDF20A42E4F00EA1F05 /* Build configuration list for PBXNativeTarget "PhotoClipsUITests" */;
			buildPhases = (
				F3AB8ECC20A42E4F00EA1F05 /* Sources */,
				F3AB8ECD20A42E4F00EA1F05 /* Frameworks */,
				F3AB8ECE20A42E4F00EA1F05 /* Resources */,
			);
			buildRules = (
			);
			dependencies = (
				F3AB8ED220A42E4F00EA1F05 /* PBXTargetDependency */,
			);
			name = PhotoClipsUITests;
			productName = PhotoClipsUITests;
			productReference = F3AB8ED020A42E4F00EA1F05 /* PhotoClipsUITests.xctest */;
			productType = "com.apple.product-type.bundle.ui-testing";
		};
/* End PBXNativeTarget section */

/* Begin PBXProject section */
		F3AB8EA520A42E4B00EA1F05 /* Project object */ = {
			isa = PBXProject;
			attributes = {
				CLASSPREFIX = QYL;
				LastUpgradeCheck = 0930;
				ORGANIZATIONNAME = Marshal;
				TargetAttributes = {
					F3AB8EAC20A42E4C00EA1F05 = {
						CreatedOnToolsVersion = 9.3;
					};
					F3AB8EC420A42E4E00EA1F05 = {
						CreatedOnToolsVersion = 9.3;
						TestTargetID = F3AB8EAC20A42E4C00EA1F05;
					};
					F3AB8ECF20A42E4F00EA1F05 = {
						CreatedOnToolsVersion = 9.3;
						TestTargetID = F3AB8EAC20A42E4C00EA1F05;
					};
				};
			};
			buildConfigurationList = F3AB8EA820A42E4B00EA1F05 /* Build configuration list for PBXProject "PhotoClips" */;
			compatibilityVersion = "Xcode 9.3";
			developmentRegion = en;
			hasScannedForEncodings = 0;
			knownRegions = (
				en,
				Base,
			);
			mainGroup = F3AB8EA420A42E4B00EA1F05;
			productRefGroup = F3AB8EAE20A42E4C00EA1F05 /* Products */;
			projectDirPath = "";
			projectRoot = "";
			targets = (
				F3AB8EAC20A42E4C00EA1F05 /* PhotoClips */,
				F3AB8EC420A42E4E00EA1F05 /* PhotoClipsTests */,
				F3AB8ECF20A42E4F00EA1F05 /* PhotoClipsUITests */,
			);
		};
/* End PBXProject section */

/* Begin PBXResourcesBuildPhase section */
		F3AB8EAB20A42E4C00EA1F05 /* Resources */ = {
			isa = PBXResourcesBuildPhase;
			buildActionMask = 2147483647;
			files = (
				F376E93720B2C26F00F70136 /* QYLClipsController.xib in Resources */,
				F3AB8EF820A432EC00EA1F05 /* QYLHomeController.xib in Resources */,
				F3AB8EBD20A42E4E00EA1F05 /* LaunchScreen.storyboard in Resources */,
				F3AB8EBA20A42E4E00EA1F05 /* Assets.xcassets in Resources */,
			);
			runOnlyForDeploymentPostprocessing = 0;
		};
		F3AB8EC320A42E4E00EA1F05 /* Resources */ = {
			isa = PBXResourcesBuildPhase;
			buildActionMask = 2147483647;
			files = (
			);
			runOnlyForDeploymentPostprocessing = 0;
		};
		F3AB8ECE20A42E4F00EA1F05 /* Resources */ = {
			isa = PBXResourcesBuildPhase;
			buildActionMask = 2147483647;
			files = (
			);
			runOnlyForDeploymentPostprocessing = 0;
		};
/* End PBXResourcesBuildPhase section */

/* Begin PBXSourcesBuildPhase section */
		F3AB8EA920A42E4C00EA1F05 /* Sources */ = {
			isa = PBXSourcesBuildPhase;
			buildActionMask = 2147483647;
			files = (
				F3AB8EC020A42E4E00EA1F05 /* main.m in Sources */,
				F3316B7C20B5550700B27F98 /* NSObject+S_Observer.m in Sources */,
				F3D57C6F20ABDE0C0083BA03 /* QYLLargeImageController.m in Sources */,
				F3D57C6C20ABCDFD0083BA03 /* QYLPhotoSelectController.m in Sources */,
				F3075FA720A6DCC600AB78BF /* QYLAlbumsCell.m in Sources */,
				F3AB8F0620A44C4100EA1F05 /* QYLToast.m in Sources */,
				F36A514320A5391E0087C989 /* QYLAlbumsController.m in Sources */,
				F36A514C20A586400087C989 /* QYLPhotosManager.m in Sources */,
				F3AB8EF720A432EC00EA1F05 /* QYLHomeController.m in Sources */,
				F3075FB020A6F13200AB78BF /* UIView+S_Extend.m in Sources */,
				F3AB8EF020A4324700EA1F05 /* QYLNaviView.m in Sources */,
				F3AB8F0420A44C4100EA1F05 /* QYLDefaultNumber.m in Sources */,
				F36A514920A539700087C989 /* QYLPhotosCell.m in Sources */,
				F3AB8EEF20A4324700EA1F05 /* QYLAuthorizationHandle.m in Sources */,
				F3AB8EB220A42E4C00EA1F05 /* AppDelegate.m in Sources */,
				F3AB8F0520A44C4100EA1F05 /* QYLCommonUtil.m in Sources */,
				F3075FAA20A6DCF800AB78BF /* QYLPhotosView.m in Sources */,
				F3D57C7420AC1FA90083BA03 /* QYLClipsController.m in Sources */,
				F3316B7720B50A4600B27F98 /* QYLProgressView.m in Sources */,
				F3075FA420A6DCAF00AB78BF /* QYLAlbumsView.m in Sources */,
			);
			runOnlyForDeploymentPostprocessing = 0;
		};
		F3AB8EC120A42E4E00EA1F05 /* Sources */ = {
			isa = PBXSourcesBuildPhase;
			buildActionMask = 2147483647;
			files = (
				F3AB8ECA20A42E4F00EA1F05 /* PhotoClipsTests.m in Sources */,
			);
			runOnlyForDeploymentPostprocessing = 0;
		};
		F3AB8ECC20A42E4F00EA1F05 /* Sources */ = {
			isa = PBXSourcesBuildPhase;
			buildActionMask = 2147483647;
			files = (
				F3AB8ED520A42E4F00EA1F05 /* PhotoClipsUITests.m in Sources */,
			);
			runOnlyForDeploymentPostprocessing = 0;
		};
/* End PBXSourcesBuildPhase section */

/* Begin PBXTargetDependency section */
		F3AB8EC720A42E4E00EA1F05 /* PBXTargetDependency */ = {
			isa = PBXTargetDependency;
			target = F3AB8EAC20A42E4C00EA1F05 /* PhotoClips */;
			targetProxy = F3AB8EC620A42E4E00EA1F05 /* PBXContainerItemProxy */;
		};
		F3AB8ED220A42E4F00EA1F05 /* PBXTargetDependency */ = {
			isa = PBXTargetDependency;
			target = F3AB8EAC20A42E4C00EA1F05 /* PhotoClips */;
			targetProxy = F3AB8ED120A42E4F00EA1F05 /* PBXContainerItemProxy */;
		};
/* End PBXTargetDependency section */

/* Begin PBXVariantGroup section */
		F3AB8EBB20A42E4E00EA1F05 /* LaunchScreen.storyboard */ = {
			isa = PBXVariantGroup;
			children = (
				F3AB8EBC20A42E4E00EA1F05 /* Base */,
			);
			name = LaunchScreen.storyboard;
			sourceTree = "<group>";
		};
/* End PBXVariantGroup section */

/* Begin XCBuildConfiguration section */
		F3AB8ED720A42E4F00EA1F05 /* Debug */ = {
			isa = XCBuildConfiguration;
			buildSettings = {
				ALWAYS_SEARCH_USER_PATHS = NO;
				CLANG_ANALYZER_NONNULL = YES;
				CLANG_ANALYZER_NUMBER_OBJECT_CONVERSION = YES_AGGRESSIVE;
				CLANG_CXX_LANGUAGE_STANDARD = "gnu++14";
				CLANG_CXX_LIBRARY = "libc++";
				CLANG_ENABLE_MODULES = YES;
				CLANG_ENABLE_OBJC_ARC = YES;
				CLANG_ENABLE_OBJC_WEAK = YES;
				CLANG_WARN_BLOCK_CAPTURE_AUTORELEASING = YES;
				CLANG_WARN_BOOL_CONVERSION = YES;
				CLANG_WARN_COMMA = YES;
				CLANG_WARN_CONSTANT_CONVERSION = YES;
				CLANG_WARN_DEPRECATED_OBJC_IMPLEMENTATIONS = YES;
				CLANG_WARN_DIRECT_OBJC_ISA_USAGE = YES_ERROR;
				CLANG_WARN_DOCUMENTATION_COMMENTS = YES;
				CLANG_WARN_EMPTY_BODY = YES;
				CLANG_WARN_ENUM_CONVERSION = YES;
				CLANG_WARN_INFINITE_RECURSION = YES;
				CLANG_WARN_INT_CONVERSION = YES;
				CLANG_WARN_NON_LITERAL_NULL_CONVERSION = YES;
				CLANG_WARN_OBJC_IMPLICIT_RETAIN_SELF = YES;
				CLANG_WARN_OBJC_LITERAL_CONVERSION = YES;
				CLANG_WARN_OBJC_ROOT_CLASS = YES_ERROR;
				CLANG_WARN_RANGE_LOOP_ANALYSIS = YES;
				CLANG_WARN_STRICT_PROTOTYPES = YES;
				CLANG_WARN_SUSPICIOUS_MOVE = YES;
				CLANG_WARN_UNGUARDED_AVAILABILITY = YES_AGGRESSIVE;
				CLANG_WARN_UNREACHABLE_CODE = YES;
				CLANG_WARN__DUPLICATE_METHOD_MATCH = YES;
				CODE_SIGN_IDENTITY = "iPhone Developer";
				COPY_PHASE_STRIP = NO;
				DEBUG_INFORMATION_FORMAT = dwarf;
				ENABLE_STRICT_OBJC_MSGSEND = YES;
				ENABLE_TESTABILITY = YES;
				GCC_C_LANGUAGE_STANDARD = gnu11;
				GCC_DYNAMIC_NO_PIC = NO;
				GCC_NO_COMMON_BLOCKS = YES;
				GCC_OPTIMIZATION_LEVEL = 0;
				GCC_PREPROCESSOR_DEFINITIONS = (
					"DEBUG=1",
					"$(inherited)",
				);
				GCC_WARN_64_TO_32_BIT_CONVERSION = YES;
				GCC_WARN_ABOUT_RETURN_TYPE = YES_ERROR;
				GCC_WARN_UNDECLARED_SELECTOR = YES;
				GCC_WARN_UNINITIALIZED_AUTOS = YES_AGGRESSIVE;
				GCC_WARN_UNUSED_FUNCTION = YES;
				GCC_WARN_UNUSED_VARIABLE = YES;
				IPHONEOS_DEPLOYMENT_TARGET = 11.3;
				MTL_ENABLE_DEBUG_INFO = YES;
				ONLY_ACTIVE_ARCH = YES;
				SDKROOT = iphoneos;
			};
			name = Debug;
		};
		F3AB8ED820A42E4F00EA1F05 /* Release */ = {
			isa = XCBuildConfiguration;
			buildSettings = {
				ALWAYS_SEARCH_USER_PATHS = NO;
				CLANG_ANALYZER_NONNULL = YES;
				CLANG_ANALYZER_NUMBER_OBJECT_CONVERSION = YES_AGGRESSIVE;
				CLANG_CXX_LANGUAGE_STANDARD = "gnu++14";
				CLANG_CXX_LIBRARY = "libc++";
				CLANG_ENABLE_MODULES = YES;
				CLANG_ENABLE_OBJC_ARC = YES;
				CLANG_ENABLE_OBJC_WEAK = YES;
				CLANG_WARN_BLOCK_CAPTURE_AUTORELEASING = YES;
				CLANG_WARN_BOOL_CONVERSION = YES;
				CLANG_WARN_COMMA = YES;
				CLANG_WARN_CONSTANT_CONVERSION = YES;
				CLANG_WARN_DEPRECATED_OBJC_IMPLEMENTATIONS = YES;
				CLANG_WARN_DIRECT_OBJC_ISA_USAGE = YES_ERROR;
				CLANG_WARN_DOCUMENTATION_COMMENTS = YES;
				CLANG_WARN_EMPTY_BODY = YES;
				CLANG_WARN_ENUM_CONVERSION = YES;
				CLANG_WARN_INFINITE_RECURSION = YES;
				CLANG_WARN_INT_CONVERSION = YES;
				CLANG_WARN_NON_LITERAL_NULL_CONVERSION = YES;
				CLANG_WARN_OBJC_IMPLICIT_RETAIN_SELF = YES;
				CLANG_WARN_OBJC_LITERAL_CONVERSION = YES;
				CLANG_WARN_OBJC_ROOT_CLASS = YES_ERROR;
				CLANG_WARN_RANGE_LOOP_ANALYSIS = YES;
				CLANG_WARN_STRICT_PROTOTYPES = YES;
				CLANG_WARN_SUSPICIOUS_MOVE = YES;
				CLANG_WARN_UNGUARDED_AVAILABILITY = YES_AGGRESSIVE;
				CLANG_WARN_UNREACHABLE_CODE = YES;
				CLANG_WARN__DUPLICATE_METHOD_MATCH = YES;
				CODE_SIGN_IDENTITY = "iPhone Developer";
				COPY_PHASE_STRIP = NO;
				DEBUG_INFORMATION_FORMAT = "dwarf-with-dsym";
				ENABLE_NS_ASSERTIONS = NO;
				ENABLE_STRICT_OBJC_MSGSEND = YES;
				GCC_C_LANGUAGE_STANDARD = gnu11;
				GCC_NO_COMMON_BLOCKS = YES;
				GCC_WARN_64_TO_32_BIT_CONVERSION = YES;
				GCC_WARN_ABOUT_RETURN_TYPE = YES_ERROR;
				GCC_WARN_UNDECLARED_SELECTOR = YES;
				GCC_WARN_UNINITIALIZED_AUTOS = YES_AGGRESSIVE;
				GCC_WARN_UNUSED_FUNCTION = YES;
				GCC_WARN_UNUSED_VARIABLE = YES;
				IPHONEOS_DEPLOYMENT_TARGET = 11.3;
				MTL_ENABLE_DEBUG_INFO = NO;
				SDKROOT = iphoneos;
				VALIDATE_PRODUCT = YES;
			};
			name = Release;
		};
		F3AB8EDA20A42E4F00EA1F05 /* Debug */ = {
			isa = XCBuildConfiguration;
			buildSettings = {
				ASSETCATALOG_COMPILER_APPICON_NAME = AppIcon;
				CODE_SIGN_STYLE = Manual;
				DEVELOPMENT_TEAM = 439K9F32X7;
				GCC_PRECOMPILE_PREFIX_HEADER = NO;
				GCC_PREFIX_HEADER = "$(SRCROOT)/PhotoClips/QYLPhotoClips.pch";
				INFOPLIST_FILE = PhotoClips/Info.plist;
				IPHONEOS_DEPLOYMENT_TARGET = 9.0;
				LD_RUNPATH_SEARCH_PATHS = (
					"$(inherited)",
					"@executable_path/Frameworks",
				);
				PRODUCT_BUNDLE_IDENTIFIER = com.QiYingliTechnology.PhotoClips;
				PRODUCT_NAME = "$(TARGET_NAME)";
				PROVISIONING_PROFILE = "66c543a3-77ef-43ce-bef0-96093e6c0d97";
				PROVISIONING_PROFILE_SPECIFIER = PhotoClips_dev_prov;
				TARGETED_DEVICE_FAMILY = 1;
			};
			name = Debug;
		};
		F3AB8EDB20A42E4F00EA1F05 /* Release */ = {
			isa = XCBuildConfiguration;
			buildSettings = {
				ASSETCATALOG_COMPILER_APPICON_NAME = AppIcon;
				CODE_SIGN_STYLE = Manual;
				DEVELOPMENT_TEAM = "";
				GCC_PRECOMPILE_PREFIX_HEADER = NO;
				GCC_PREFIX_HEADER = "$(SRCROOT)/PhotoClips/QYLPhotoClips.pch";
				INFOPLIST_FILE = PhotoClips/Info.plist;
				IPHONEOS_DEPLOYMENT_TARGET = 9.0;
				LD_RUNPATH_SEARCH_PATHS = (
					"$(inherited)",
					"@executable_path/Frameworks",
				);
				PRODUCT_BUNDLE_IDENTIFIER = com.QiYingliTechnology.PhotoClips;
				PRODUCT_NAME = "$(TARGET_NAME)";
				PROVISIONING_PROFILE_SPECIFIER = "";
				TARGETED_DEVICE_FAMILY = 1;
			};
			name = Release;
		};
		F3AB8EDD20A42E4F00EA1F05 /* Debug */ = {
			isa = XCBuildConfiguration;
			buildSettings = {
				BUNDLE_LOADER = "$(TEST_HOST)";
				CODE_SIGN_STYLE = Automatic;
				INFOPLIST_FILE = PhotoClipsTests/Info.plist;
				LD_RUNPATH_SEARCH_PATHS = (
					"$(inherited)",
					"@executable_path/Frameworks",
					"@loader_path/Frameworks",
				);
				PRODUCT_BUNDLE_IDENTIFIER = com.QiYingliTechnology.PhotoClipsTests;
				PRODUCT_NAME = "$(TARGET_NAME)";
				TARGETED_DEVICE_FAMILY = "1,2";
				TEST_HOST = "$(BUILT_PRODUCTS_DIR)/PhotoClips.app/PhotoClips";
			};
			name = Debug;
		};
		F3AB8EDE20A42E4F00EA1F05 /* Release */ = {
			isa = XCBuildConfiguration;
			buildSettings = {
				BUNDLE_LOADER = "$(TEST_HOST)";
				CODE_SIGN_STYLE = Automatic;
				INFOPLIST_FILE = PhotoClipsTests/Info.plist;
				LD_RUNPATH_SEARCH_PATHS = (
					"$(inherited)",
					"@executable_path/Frameworks",
					"@loader_path/Frameworks",
				);
				PRODUCT_BUNDLE_IDENTIFIER = com.QiYingliTechnology.PhotoClipsTests;
				PRODUCT_NAME = "$(TARGET_NAME)";
				TARGETED_DEVICE_FAMILY = "1,2";
				TEST_HOST = "$(BUILT_PRODUCTS_DIR)/PhotoClips.app/PhotoClips";
			};
			name = Release;
		};
		F3AB8EE020A42E4F00EA1F05 /* Debug */ = {
			isa = XCBuildConfiguration;
			buildSettings = {
				CODE_SIGN_STYLE = Automatic;
				INFOPLIST_FILE = PhotoClipsUITests/Info.plist;
				LD_RUNPATH_SEARCH_PATHS = (
					"$(inherited)",
					"@executable_path/Frameworks",
					"@loader_path/Frameworks",
				);
				PRODUCT_BUNDLE_IDENTIFIER = com.QiYingliTechnology.PhotoClipsUITests;
				PRODUCT_NAME = "$(TARGET_NAME)";
				TARGETED_DEVICE_FAMILY = "1,2";
				TEST_TARGET_NAME = PhotoClips;
			};
			name = Debug;
		};
		F3AB8EE120A42E4F00EA1F05 /* Release */ = {
			isa = XCBuildConfiguration;
			buildSettings = {
				CODE_SIGN_STYLE = Automatic;
				INFOPLIST_FILE = PhotoClipsUITests/Info.plist;
				LD_RUNPATH_SEARCH_PATHS = (
					"$(inherited)",
					"@executable_path/Frameworks",
					"@loader_path/Frameworks",
				);
				PRODUCT_BUNDLE_IDENTIFIER = com.QiYingliTechnology.PhotoClipsUITests;
				PRODUCT_NAME = "$(TARGET_NAME)";
				TARGETED_DEVICE_FAMILY = "1,2";
				TEST_TARGET_NAME = PhotoClips;
			};
			name = Release;
		};
/* End XCBuildConfiguration section */

/* Begin XCConfigurationList section */
		F3AB8EA820A42E4B00EA1F05 /* Build configuration list for PBXProject "PhotoClips" */ = {
			isa = XCConfigurationList;
			buildConfigurations = (
				F3AB8ED720A42E4F00EA1F05 /* Debug */,
				F3AB8ED820A42E4F00EA1F05 /* Release */,
			);
			defaultConfigurationIsVisible = 0;
			defaultConfigurationName = Release;
		};
		F3AB8ED920A42E4F00EA1F05 /* Build configuration list for PBXNativeTarget "PhotoClips" */ = {
			isa = XCConfigurationList;
			buildConfigurations = (
				F3AB8EDA20A42E4F00EA1F05 /* Debug */,
				F3AB8EDB20A42E4F00EA1F05 /* Release */,
			);
			defaultConfigurationIsVisible = 0;
			defaultConfigurationName = Release;
		};
		F3AB8EDC20A42E4F00EA1F05 /* Build configuration list for PBXNativeTarget "PhotoClipsTests" */ = {
			isa = XCConfigurationList;
			buildConfigurations = (
				F3AB8EDD20A42E4F00EA1F05 /* Debug */,
				F3AB8EDE20A42E4F00EA1F05 /* Release */,
			);
			defaultConfigurationIsVisible = 0;
			defaultConfigurationName = Release;
		};
		F3AB8EDF20A42E4F00EA1F05 /* Build configuration list for PBXNativeTarget "PhotoClipsUITests" */ = {
			isa = XCConfigurationList;
			buildConfigurations = (
				F3AB8EE020A42E4F00EA1F05 /* Debug */,
				F3AB8EE120A42E4F00EA1F05 /* Release */,
			);
			defaultConfigurationIsVisible = 0;
			defaultConfigurationName = Release;
		};
/* End XCConfigurationList section */
	};
	rootObject = F3AB8EA520A42E4B00EA1F05 /* Project object */;
}
